
Microsoft Visual Studio Solution File, Format Version 12.00
# Visual Studio Version 17
VisualStudioVersion = 17.5.002.0
MinimumVisualStudioVersion = 10.0.40219.1
Project("{9A19103F-16F7-4668-BE54-9A1E7A4F7556}") = "cs2-jointeamfix", "cs2-jointeamfix\cs2-jointeamfix.csproj", "{DD1927BF-AC1E-4609-B55E-A3B0CCE6EA9F}"
EndProject
Global
	GlobalSection(SolutionConfigurationPlatforms) = preSolution
		Debug|Any CPU = Debug|Any CPU
		Release|Any CPU = Release|Any CPU
	EndGlobalSection
	GlobalSection(ProjectConfigurationPlatforms) = postSolution
		{DD1927BF-AC1E-4609-B55E-A3B0CCE6EA9F}.Debug|Any CPU.ActiveCfg = Debug|Any CPU
		{DD1927BF-AC1E-4609-B55E-A3B0CCE6EA9F}.Debug|Any CPU.Build.0 = Debug|Any CPU
		{DD1927BF-AC1E-4609-B55E-A3B0CCE6EA9F}.Release|Any CPU.ActiveCfg = Release|Any CPU
		{DD1927BF-AC1E-4609-B55E-A3B0CCE6EA9F}.Release|Any CPU.Build.0 = Release|Any CPU
	EndGlobalSection
	GlobalSection(SolutionProperties) = preSolution
		HideSolutionNode = FALSE
	EndGlobalSection
	GlobalSection(ExtensibilityGlobals) = postSolution
		SolutionGuid = {A69747DB-223C-435A-88CC-DD0335129E35}
	EndGlobalSection
EndGlobal
